<Solution>
  <Folder Name="/src/">
    <Project Path="src/Pipely/Pipely.csproj" />
  </Folder>
  <Folder Name="/tests/">
    <Project Path="tests/Pipely.Benchmarks/Pipely.Benchmarks.csproj" />
    <Project Path="tests/Pipely.Stress/Pipely.Stress.csproj" />
    <Project Path="tests/Pipely.Tests/Pipely.Tests.csproj" />
  </Folder>
</Solution>
