<Solution>
  <Folder Name="/src/">
    <Project Path="src/SpscPipelines/SpscPipelines.csproj" />
    <Project Path="src/SpscPipelines.HotHandoff/SpscPipelines.HotHandoff.csproj" />
  </Folder>
  <Folder Name="/tests/">
    <Project Path="tests/SpscPipelines.Benchmarks/SpscPipelines.Benchmarks.csproj" />
    <Project Path="tests/SpscPipelines.Stress/SpscPipelines.Stress.csproj" />
    <Project Path="tests/SpscPipelines.Tests/SpscPipelines.Tests.csproj" />
    <Project Path="tests/SpscPipelines.HotHandoff.Tests/SpscPipelines.HotHandoff.Tests.csproj" />
    <Project Path="tests/SpscPipelines.HotHandoff.Benchmarks/SpscPipelines.HotHandoff.Benchmarks.csproj" />
  </Folder>
</Solution>
