<Solution>
  <Folder Name="/src/">
    <Project Path="src/SpscPipelines/SpscPipelines.csproj" />
    <Project Path="src/SpscPipelines.HotHandoff/SpscPipelines.HotHandoff.csproj" />
  </Folder>
  <Folder Name="/tests/">
    <Project Path="tests/SpscPipe.Benchmarks/SpscPipe.Benchmarks.csproj" />
    <Project Path="tests/SpscPipe.Stress/SpscPipe.Stress.csproj" />
    <Project Path="tests/SpscPipe.Tests/SpscPipe.Tests.csproj" />
    <Project Path="tests/SpscPipelines.HotHandoff.Tests/SpscPipelines.HotHandoff.Tests.csproj" />
  </Folder>
</Solution>
